
Microsoft Visual Studio Solution File, Format Version 12.00
# Visual Studio Version 16
VisualStudioVersion = 16.0.31402.337
MinimumVisualStudioVersion = 10.0.40219.1
Project("{FAE04EC0-301F-11D3-BF4B-00C04F79EFBC}") = "GSL.Cadastro.Api", "src\GSL.Cadastro\GSL.Cadastro.Api.csproj", "{51FB92F2-0471-4F44-A001-6981877C9D31}"
EndProject
Project("{2150E333-8FDC-42A3-9474-1A3956D46DE8}") = "1 - Api", "1 - Api", "{929D2E80-D130-4A60-9F42-182DF243D863}"
EndProject
Project("{2150E333-8FDC-42A3-9474-1A3956D46DE8}") = "2 - Aplicacao", "2 - Aplicacao", "{F8C8DB72-A2C3-4A5E-B005-FBCD0EFB2F14}"
EndProject
Project("{2150E333-8FDC-42A3-9474-1A3956D46DE8}") = "3 - Dominio", "3 - Dominio", "{089DB4A7-1BF5-4BE8-8A02-F2C2E42873A7}"
EndProject
Project("{2150E333-8FDC-42A3-9474-1A3956D46DE8}") = "4 - Infraestrutura", "4 - Infraestrutura", "{9E0E793D-21C4-4B5E-937A-03DDC76DB583}"
EndProject
Project("{FAE04EC0-301F-11D3-BF4B-00C04F79EFBC}") = "GSL.Cadastro.Aplicacao", "src\GSL.Cadastro.Aplicacao\GSL.Cadastro.Aplicacao.csproj", "{957ABDEE-52D2-4025-A25B-67BB167C2108}"
EndProject
Project("{FAE04EC0-301F-11D3-BF4B-00C04F79EFBC}") = "GSL.Cadastro.Dominio", "src\GSL.Cadastro.Dominio\GSL.Cadastro.Dominio.csproj", "{F6D6D911-387D-4159-98FD-399169D8CBD5}"
EndProject
Project("{2150E333-8FDC-42A3-9474-1A3956D46DE8}") = "4.1 - Data", "4.1 - Data", "{E372A27E-A1A7-48B0-BFE3-74916BC0ADDD}"
EndProject
Project("{2150E333-8FDC-42A3-9474-1A3956D46DE8}") = "4.2 - CrossCutting", "4.2 - CrossCutting", "{194BDF71-C043-4DB8-AAAC-59A257666C22}"
EndProject
Project("{FAE04EC0-301F-11D3-BF4B-00C04F79EFBC}") = "GSL.Cadastro.Data", "src\GSL.Cadastro.Data\GSL.Cadastro.Data.csproj", "{27A471F0-E8A3-4317-BB70-CF2DB9DE52A5}"
EndProject
Project("{FAE04EC0-301F-11D3-BF4B-00C04F79EFBC}") = "GSL.Cadastro.SharedKernel", "src\GSL.Cadastro.SharedKernel\GSL.Cadastro.SharedKernel.csproj", "{B5AB857C-443D-414B-A624-2109388BE9C1}"
EndProject
Project("{2150E333-8FDC-42A3-9474-1A3956D46DE8}") = "src", "src", "{C2F81CD7-AC18-45BE-A9BE-1DF2501E0BFB}"
EndProject
Project("{2150E333-8FDC-42A3-9474-1A3956D46DE8}") = "test", "test", "{C3C0F6DB-58D8-4F24-9910-F5DE99C87032}"
EndProject
Global
	GlobalSection(SolutionConfigurationPlatforms) = preSolution
		Debug|Any CPU = Debug|Any CPU
		Release|Any CPU = Release|Any CPU
	EndGlobalSection
	GlobalSection(ProjectConfigurationPlatforms) = postSolution
		{51FB92F2-0471-4F44-A001-6981877C9D31}.Debug|Any CPU.ActiveCfg = Debug|Any CPU
		{51FB92F2-0471-4F44-A001-6981877C9D31}.Debug|Any CPU.Build.0 = Debug|Any CPU
		{51FB92F2-0471-4F44-A001-6981877C9D31}.Release|Any CPU.ActiveCfg = Release|Any CPU
		{51FB92F2-0471-4F44-A001-6981877C9D31}.Release|Any CPU.Build.0 = Release|Any CPU
		{957ABDEE-52D2-4025-A25B-67BB167C2108}.Debug|Any CPU.ActiveCfg = Debug|Any CPU
		{957ABDEE-52D2-4025-A25B-67BB167C2108}.Debug|Any CPU.Build.0 = Debug|Any CPU
		{957ABDEE-52D2-4025-A25B-67BB167C2108}.Release|Any CPU.ActiveCfg = Release|Any CPU
		{957ABDEE-52D2-4025-A25B-67BB167C2108}.Release|Any CPU.Build.0 = Release|Any CPU
		{F6D6D911-387D-4159-98FD-399169D8CBD5}.Debug|Any CPU.ActiveCfg = Debug|Any CPU
		{F6D6D911-387D-4159-98FD-399169D8CBD5}.Debug|Any CPU.Build.0 = Debug|Any CPU
		{F6D6D911-387D-4159-98FD-399169D8CBD5}.Release|Any CPU.ActiveCfg = Release|Any CPU
		{F6D6D911-387D-4159-98FD-399169D8CBD5}.Release|Any CPU.Build.0 = Release|Any CPU
		{27A471F0-E8A3-4317-BB70-CF2DB9DE52A5}.Debug|Any CPU.ActiveCfg = Debug|Any CPU
		{27A471F0-E8A3-4317-BB70-CF2DB9DE52A5}.Debug|Any CPU.Build.0 = Debug|Any CPU
		{27A471F0-E8A3-4317-BB70-CF2DB9DE52A5}.Release|Any CPU.ActiveCfg = Release|Any CPU
		{27A471F0-E8A3-4317-BB70-CF2DB9DE52A5}.Release|Any CPU.Build.0 = Release|Any CPU
		{B5AB857C-443D-414B-A624-2109388BE9C1}.Debug|Any CPU.ActiveCfg = Debug|Any CPU
		{B5AB857C-443D-414B-A624-2109388BE9C1}.Debug|Any CPU.Build.0 = Debug|Any CPU
		{B5AB857C-443D-414B-A624-2109388BE9C1}.Release|Any CPU.ActiveCfg = Release|Any CPU
		{B5AB857C-443D-414B-A624-2109388BE9C1}.Release|Any CPU.Build.0 = Release|Any CPU
	EndGlobalSection
	GlobalSection(SolutionProperties) = preSolution
		HideSolutionNode = FALSE
	EndGlobalSection
	GlobalSection(NestedProjects) = preSolution
		{51FB92F2-0471-4F44-A001-6981877C9D31} = {929D2E80-D130-4A60-9F42-182DF243D863}
		{929D2E80-D130-4A60-9F42-182DF243D863} = {C2F81CD7-AC18-45BE-A9BE-1DF2501E0BFB}
		{F8C8DB72-A2C3-4A5E-B005-FBCD0EFB2F14} = {C2F81CD7-AC18-45BE-A9BE-1DF2501E0BFB}
		{089DB4A7-1BF5-4BE8-8A02-F2C2E42873A7} = {C2F81CD7-AC18-45BE-A9BE-1DF2501E0BFB}
		{9E0E793D-21C4-4B5E-937A-03DDC76DB583} = {C2F81CD7-AC18-45BE-A9BE-1DF2501E0BFB}
		{957ABDEE-52D2-4025-A25B-67BB167C2108} = {F8C8DB72-A2C3-4A5E-B005-FBCD0EFB2F14}
		{F6D6D911-387D-4159-98FD-399169D8CBD5} = {089DB4A7-1BF5-4BE8-8A02-F2C2E42873A7}
		{E372A27E-A1A7-48B0-BFE3-74916BC0ADDD} = {9E0E793D-21C4-4B5E-937A-03DDC76DB583}
		{194BDF71-C043-4DB8-AAAC-59A257666C22} = {9E0E793D-21C4-4B5E-937A-03DDC76DB583}
		{27A471F0-E8A3-4317-BB70-CF2DB9DE52A5} = {E372A27E-A1A7-48B0-BFE3-74916BC0ADDD}
		{B5AB857C-443D-414B-A624-2109388BE9C1} = {194BDF71-C043-4DB8-AAAC-59A257666C22}
	EndGlobalSection
	GlobalSection(ExtensibilityGlobals) = postSolution
		SolutionGuid = {4AD41D25-B892-4F83-A794-74350D7AB015}
	EndGlobalSection
EndGlobal
